
Microsoft Visual Studio Solution File, Format Version 12.00
# Visual Studio Version 16
VisualStudioVersion = 16.0.29806.167
MinimumVisualStudioVersion = 10.0.40219.1
Project("{FAE04EC0-301F-11D3-BF4B-00C04F79EFBC}") = "kviz_jatek", "kviz_jatek.csproj", "{CD0FD6F4-0DB9-4050-9E67-D9FCDDFFB89F}"
EndProject
Global
	GlobalSection(SolutionConfigurationPlatforms) = preSolution
		Debug|Any CPU = Debug|Any CPU
		Release|Any CPU = Release|Any CPU
	EndGlobalSection
	GlobalSection(ProjectConfigurationPlatforms) = postSolution
		{CD0FD6F4-0DB9-4050-9E67-D9FCDDFFB89F}.Debug|Any CPU.ActiveCfg = Debug|Any CPU
		{CD0FD6F4-0DB9-4050-9E67-D9FCDDFFB89F}.Debug|Any CPU.Build.0 = Debug|Any CPU
		{CD0FD6F4-0DB9-4050-9E67-D9FCDDFFB89F}.Release|Any CPU.ActiveCfg = Release|Any CPU
		{CD0FD6F4-0DB9-4050-9E67-D9FCDDFFB89F}.Release|Any CPU.Build.0 = Release|Any CPU
	EndGlobalSection
	GlobalSection(SolutionProperties) = preSolution
		HideSolutionNode = FALSE
	EndGlobalSection
	GlobalSection(ExtensibilityGlobals) = postSolution
		SolutionGuid = {0DACF1CC-B7E5-4DFE-A45A-FD4BFC8AEEAB}
	EndGlobalSection
EndGlobal
